version = 1
revision = 3
requires-python = ">=3.13"

[[package]]
name = "find"
version = "0.1.0"
source = { editable = "." }
dependencies = [
    { name = "prompt-toolkit" },
]

[package.metadata]
requires-dist = [{ name = "prompt-toolkit", specifier = ">=3.0.52" }]

[[package]]
name = "prompt-toolkit"
version = "3.0.52"
source = { registry = "https://pypi.org/simple" }
dependencies = [
    { name = "wcwidth" },
]
sdist = { url = "https://files.pythonhosted.org/packages/a1/96/06e01a7b38dce6fe1db213e061a4602dd6032a8a97ef6c1a862537732421/prompt_toolkit-3.0.52.tar.gz", hash = "sha256:28cde192929c8e7321de85de1ddbe736f1375148b02f2e17edd840042b1be855", size = 434198, upload-time = "2025-08-27T15:24:02.057Z" }
wheels = [
    { url = "https://files.pythonhosted.org/packages/84/03/0d3ce49e2505ae70cf43bc5bb3033955d2fc9f932163e84dc0779cc47f48/prompt_toolkit-3.0.52-py3-none-any.whl", hash = "sha256:9aac639a3bbd33284347de5ad8d68ecc044b91a762dc39b7c21095fcd6a19955", size = 391431, upload-time = "2025-08-27T15:23:59.498Z" },
]

[[package]]
name = "wcwidth"
version = "0.3.1"
source = { registry = "https://pypi.org/simple" }
sdist = { url = "https://files.pythonhosted.org/packages/25/6f/e1ea6dcb21da43d581284d8d5a715c2affb906aa3ed301f77f7f5ae0e7d5/wcwidth-0.3.1.tar.gz", hash = "sha256:5aedb626a9c0d941b990cfebda848d538d45c9493a3384d080aff809143bd3be", size = 233057, upload-time = "2026-01-22T22:08:25.231Z" }
wheels = [
    { url = "https://files.pythonhosted.org/packages/d7/9c/9d951691bf1224772f6082d3b2e8c110edfd9622627908ad75bb0f691979/wcwidth-0.3.1-py3-none-any.whl", hash = "sha256:b2d355df3ec5d51bfc973a22fb4ea9a03b12fdcbf00d0abd22a2c78b12ccc177", size = 85746, upload-time = "2026-01-22T22:08:23.564Z" },
]
