version = 1
revision = 3
requires-python = ">=3.13"

[[package]]
name = "prompt-toolkit"
version = "3.0.52"
source = { registry = "https://pypi.org/simple" }
dependencies = [
    { name = "wcwidth" },
]
sdist = { url = "https://files.pythonhosted.org/packages/a1/96/06e01a7b38dce6fe1db213e061a4602dd6032a8a97ef6c1a862537732421/prompt_toolkit-3.0.52.tar.gz", hash = "sha256:28cde192929c8e7321de85de1ddbe736f1375148b02f2e17edd840042b1be855", size = 434198, upload-time = "2025-08-27T15:24:02.057Z" }
wheels = [
    { url = "https://files.pythonhosted.org/packages/84/03/0d3ce49e2505ae70cf43bc5bb3033955d2fc9f932163e84dc0779cc47f48/prompt_toolkit-3.0.52-py3-none-any.whl", hash = "sha256:9aac639a3bbd33284347de5ad8d68ecc044b91a762dc39b7c21095fcd6a19955", size = 391431, upload-time = "2025-08-27T15:23:59.498Z" },
]

[[package]]
name = "run"
version = "0.1.0"
source = { editable = "." }
dependencies = [
    { name = "prompt-toolkit" },
]

[package.metadata]
requires-dist = [{ name = "prompt-toolkit", specifier = ">=3.0.52" }]

[[package]]
name = "wcwidth"
version = "0.3.0"
source = { registry = "https://pypi.org/simple" }
sdist = { url = "https://files.pythonhosted.org/packages/38/75/2144b65e4fba12a2d9868e9a3f99db7fa0760670d064603634bef9ff1709/wcwidth-0.3.0.tar.gz", hash = "sha256:af1a2fb0b83ef4a7fc0682a4c95ca2576e14d0280bca2a9e67b7dc9f2733e123", size = 172238, upload-time = "2026-01-21T17:44:09.508Z" }
wheels = [
    { url = "https://files.pythonhosted.org/packages/18/0e/a5f0257ab47492b7afb5fb60347d14ba19445e2773fc8352d4be6bd2f6f8/wcwidth-0.3.0-py3-none-any.whl", hash = "sha256:073a1acb250e4add96cfd5ef84e0036605cd6e0d0782c8c15c80e42202348458", size = 85520, upload-time = "2026-01-21T17:44:08.002Z" },
]
